
Microsoft Visual Studio Solution File, Format Version 12.00
# Visual Studio 15
VisualStudioVersion = 15.0.28010.2019
MinimumVisualStudioVersion = 10.0.40219.1
Project("{FAE04EC0-301F-11D3-BF4B-00C04F79EFBC}") = "UobFormPrototype03", "UobFormPrototype03\UobFormPrototype03.csproj", "{0668A321-EB4F-46AD-81A1-274ECCFD7F40}"
EndProject
Global
	GlobalSection(SolutionConfigurationPlatforms) = preSolution
		Debug|Any CPU = Debug|Any CPU
		Release|Any CPU = Release|Any CPU
	EndGlobalSection
	GlobalSection(ProjectConfigurationPlatforms) = postSolution
		{0668A321-EB4F-46AD-81A1-274ECCFD7F40}.Debug|Any CPU.ActiveCfg = Debug|Any CPU
		{0668A321-EB4F-46AD-81A1-274ECCFD7F40}.Debug|Any CPU.Build.0 = Debug|Any CPU
		{0668A321-EB4F-46AD-81A1-274ECCFD7F40}.Release|Any CPU.ActiveCfg = Release|Any CPU
		{0668A321-EB4F-46AD-81A1-274ECCFD7F40}.Release|Any CPU.Build.0 = Release|Any CPU
	EndGlobalSection
	GlobalSection(SolutionProperties) = preSolution
		HideSolutionNode = FALSE
	EndGlobalSection
	GlobalSection(ExtensibilityGlobals) = postSolution
		SolutionGuid = {064624B1-4205-4CF7-B64F-E174D214B6DB}
	EndGlobalSection
EndGlobal
